# This file is autogenerated, do not edit; changes may be undone by the next 'dep ensure'.


[[projects]]
  digest = "1:5ad08b0e14866764a6d7475eb11c9cf05cad9a52c442593bdfa544703ff77f61"
  name = "cloud.google.com/go"
  packages = ["compute/metadata"]
  pruneopts = "NUT"
  revision = "74b12019e2aa53ec27882158f59192d7cd6d1998"
  version = "v0.33.1"

[[projects]]
  branch = "master"
  digest = "1:cb0535f5823b47df7dcb9768ebb6c000b79ad115472910c70efe93c9ed9b2315"
  name = "github.com/beorn7/perks"
  packages = ["quantile"]
  pruneopts = "NUT"
  revision = "4c0e84591b9aa9e6dcfdf3e020114cd81f89d5f9"

[[projects]]
  digest = "1:ffe9824d294da03b391f44e1ae8281281b4afc1bdaa9588c9097785e3af10cec"
  name = "github.com/davecgh/go-spew"
  packages = ["spew"]
  pruneopts = "NUT"
  revision = "8991bc29aa16c548c550c7ff78260e27b9ab7c73"
  version = "v1.1.1"

[[projects]]
  branch = "revert_grpc_version_update"
  digest = "1:38081a0225729ff096a0062fbc2316a221296a02238db18720c331d78d75ec2c"
  name = "github.com/envoyproxy/go-control-plane"
  packages = [
    "envoy/api/v2/core",
    "envoy/api/v2/endpoint",
  ]
  pruneopts = "NUT"
  revision = "c17582cc6514d173e4309d4e3bb16a150efcfcf7"

[[projects]]
  digest = "1:81466b4218bf6adddac2572a30ac733a9255919bc2f470b4827a317bd4ee1756"
  name = "github.com/ghodss/yaml"
  packages = ["."]
  pruneopts = "NUT"
  revision = "0ca9ea5df5451ffdf184b4428c902747c2c11cd7"
  version = "v1.0.0"

[[projects]]
  digest = "1:dfd1bfac4ef78bce8efe6c52548baaaba18f634c0101581f4773336c653289c2"
  name = "github.com/gogo/googleapis"
  packages = ["google/rpc"]
  pruneopts = "NUT"
  revision = "8558fb44d2f1fc223118afc694129d2c2d2924d1"
  version = "v1.1.0"

[[projects]]
  digest = "1:a35d141bba894725d1aa63523e146ab83c30475d23970ef402165eb96bd5907a"
  name = "github.com/gogo/protobuf"
  packages = [
    "gogoproto",
    "jsonpb",
    "proto",
    "protoc-gen-gogo/descriptor",
    "sortkeys",
    "types",
  ]
  pruneopts = "NUT"
  revision = "636bf0302bc95575d69441b25a2603156ffdddf1"
  version = "v1.1.1"

[[projects]]
  branch = "master"
  digest = "1:e2b86e41f3d669fc36b50d31d32d22c8ac656c75aa5ea89717ce7177e134ff2a"
  name = "github.com/golang/glog"
  packages = ["."]
  pruneopts = "NUT"
  revision = "23def4e6c14b4da8ac2ed8007337bc5eb5007998"

[[projects]]
  digest = "1:9b117ac202b9de210a7093bca0c29d0d2424e4c9235c9e025ae0d6ef6b121c82"
  name = "github.com/golang/protobuf"
  packages = [
    "jsonpb",
    "proto",
    "protoc-gen-go/descriptor",
    "ptypes",
    "ptypes/any",
    "ptypes/duration",
    "ptypes/struct",
    "ptypes/timestamp",
  ]
  pruneopts = "NUT"
  revision = "aa810b61a9c79d51363740d207bb46cf8e620ed5"
  version = "v1.2.0"

[[projects]]
  branch = "master"
  digest = "1:52c5834e2bebac9030c97cc0798ac11c3aa8a39f098aeb419f142533da6cd3cc"
  name = "github.com/google/gofuzz"
  packages = ["."]
  pruneopts = "NUT"
  revision = "24818f796faf91cd76ec7bddd72458fbced7a6c1"

[[projects]]
  digest = "1:06a7dadb7b760767341ffb6c8d377238d68a1226f2b21b5d497d2e3f6ecf6b4e"
  name = "github.com/googleapis/gnostic"
  packages = [
    "OpenAPIv2",
    "compiler",
    "extensions",
  ]
  pruneopts = "NUT"
  revision = "7c663266750e7d82587642f65e60bc4083f1f84e"
  version = "v0.2.0"

[[projects]]
  digest = "1:dbd86d229eacaa86a98b10f8fb3e3fc69a1913e0f4e010e7cc1f92bf12edca92"
  name = "github.com/gorilla/context"
  packages = ["."]
  pruneopts = "NUT"
  revision = "1ea25387ff6f684839d82767c1733ff4d4d15d0a"
  version = "v1.1"

[[projects]]
  digest = "1:bf5cf1d53d703332e9bd8984c69784645b73a938317bf5ace9aadf20ac49379a"
  name = "github.com/gorilla/mux"
  packages = ["."]
  pruneopts = "NUT"
  revision = "e3702bed27f0d39777b0b37b664b6280e8ef8fbf"
  version = "v1.6.2"

[[projects]]
  digest = "1:f0d9d74edbd40fdeada436d5ac9cb5197407899af3fef85ff0137077ffe8ae19"
  name = "github.com/hashicorp/errwrap"
  packages = ["."]
  pruneopts = "NUT"
  revision = "8a6fb523712970c966eefc6b39ed2c5e74880354"
  version = "v1.0.0"

[[projects]]
  branch = "master"
  digest = "1:2ed138049ab373f696db2081ca48f15c5abdf20893803612a284f2bdce2bf443"
  name = "github.com/hashicorp/go-multierror"
  packages = ["."]
  pruneopts = "NUT"
  revision = "886a7fbe3eb1c874d46f623bfa70af45f425b3d1"

[[projects]]
  digest = "1:b42cde0e1f3c816dd57f57f7bbcf05ca40263ad96f168714c130c611fc0856a6"
  name = "github.com/hashicorp/golang-lru"
  packages = [
    ".",
    "simplelru",
  ]
  pruneopts = "NUT"
  revision = "20f1fb78b0740ba8c3cb143a61e86ba5c8669768"
  version = "v0.5.0"

[[projects]]
  branch = "master"
  digest = "1:b7f860847a1d71f925ba9385ed95f1ebc0abfeb418a78e219ab61f48fdfeffad"
  name = "github.com/howeyc/gopass"
  packages = ["."]
  pruneopts = "NUT"
  revision = "bf9dde6d0d2c004a008c27aaee91170c786f6db8"

[[projects]]
  digest = "1:9a52adf44086cead3b384e5d0dbf7a1c1cce65e67552ee3383a8561c42a18cd3"
  name = "github.com/imdario/mergo"
  packages = ["."]
  pruneopts = "NUT"
  revision = "9f23e2d6bd2a77f959b2bf6acdbefd708a83a4a4"
  version = "v0.3.6"

[[projects]]
  digest = "1:406338ad39ab2e37b7f4452906442a3dbf0eb3379dd1f06aafb5c07e769a5fbb"
  name = "github.com/inconshreveable/mousetrap"
  packages = ["."]
  pruneopts = "NUT"
  revision = "76626ae9c91c4f2a10f34cad8ce83ea42c93bb75"
  version = "v1.0"

[[projects]]
  digest = "1:42c47ace7ccb114261ef7e0d418d274921514ab50a3bf6bdb9e51c3dde8ce13d"
  name = "github.com/json-iterator/go"
  packages = ["."]
  pruneopts = "NUT"
  revision = "ca39e5af3ece67bbcda3d0f4f56a8e24d9f2dad4"
  version = "1.1.3"

[[projects]]
  digest = "1:0dbba7d4d4f3eeb01acd81af338ff4a3c4b0bb814d87368ea536e616f383240d"
  name = "github.com/lyft/protoc-gen-validate"
  packages = ["validate"]
  pruneopts = "NUT"
  revision = "1ffd5e8db575ed8a61c7e0d415af263c39cef1ab"
  version = "v0.0.11"

[[projects]]
  digest = "1:5985ef4caf91ece5d54817c11ea25f182697534f8ae6521eadcd628c142ac4b6"
  name = "github.com/matttproud/golang_protobuf_extensions"
  packages = ["pbutil"]
  pruneopts = "NUT"
  revision = "3247c84500bff8d9fb6d579d800f20b3e091582c"
  version = "v1.0.0"

[[projects]]
  digest = "1:2f42fa12d6911c7b7659738758631bec870b7e9b4c6be5444f963cdcfccc191f"
  name = "github.com/modern-go/concurrent"
  packages = ["."]
  pruneopts = "NUT"
  revision = "bacd9c7ef1dd9b15be4a9909b8ac7a4e313eec94"
  version = "1.0.3"

[[projects]]
  digest = "1:314a5881fab303a80d6d2e35a77000f2224bb50f09ef63a9aa4c1f9eaef985d8"
  name = "github.com/modern-go/reflect2"
  packages = ["."]
  pruneopts = "NUT"
  revision = "1df9eeb2bb81f327b96228865c5687bc2194af3f"
  version = "1.0.0"

[[projects]]
  digest = "1:80c34337e8a734e190f2d1b716cae774cca74db98315166f92074434e9af0227"
  name = "github.com/natefinch/lumberjack"
  packages = ["."]
  pruneopts = "NUT"
  revision = "a96e63847dc3c67d17befa69c303767e2f84e54f"
  version = "v2.1"

[[projects]]
  digest = "1:0028cb19b2e4c3112225cd871870f2d9cf49b9b4276531f03438a88e94be86fe"
  name = "github.com/pmezard/go-difflib"
  packages = ["difflib"]
  pruneopts = "NUT"
  revision = "792786c7400a136282c1664665ae0a8db921c6c2"
  version = "v1.0.0"

[[projects]]
  digest = "1:a8512715947d49f24e6aa2d0fdd06f46bdd8d2e792517ba0ac95a2c089eaae28"
  name = "github.com/prometheus/client_golang"
  packages = [
    "prometheus",
    "prometheus/internal",
    "prometheus/promhttp",
  ]
  pruneopts = "NUT"
  revision = "abad2d1bd44235a26707c172eab6bca5bf2dbad3"
  version = "v0.9.1"

[[projects]]
  branch = "master"
  digest = "1:32d10bdfa8f09ecf13598324dba86ab891f11db3c538b6a34d1c3b5b99d7c36b"
  name = "github.com/prometheus/client_model"
  packages = ["go"]
  pruneopts = "NUT"
  revision = "6f3806018612930941127f2a7c6c453ba2c527d2"

[[projects]]
  branch = "master"
  digest = "1:41ed1109613315e6e242a7a6039c30ee6763937af3c878d105b82eb33c51e8b1"
  name = "github.com/prometheus/common"
  packages = [
    "expfmt",
    "internal/bitbucket.org/ww/goautoneg",
    "model",
  ]
  pruneopts = "NUT"
  revision = "bc8b88226a1210b016e9993b1d75f858c9c8f778"

[[projects]]
  branch = "master"
  digest = "1:d908a3cbeba7c482cd7f2dc6464be5aeb616e622fe4c245f9122b8f8e6a224bf"
  name = "github.com/prometheus/procfs"
  packages = [
    ".",
    "xfs",
  ]
  pruneopts = "NUT"
  revision = "e645f4e5aaa8506fc71d6edbc5c4ff02c04c46f2"

[[projects]]
  digest = "1:343d44e06621142ab09ae0c76c1799104cdfddd3ffb445d78b1adf8dc3ffaf3d"
  name = "github.com/spf13/cobra"
  packages = ["."]
  pruneopts = "NUT"
  revision = "ef82de70bb3f60c65fb8eebacbb2d122ef517385"
  version = "v0.0.3"

[[projects]]
  digest = "1:9d8420bbf131d1618bde6530af37c3799340d3762cc47210c1d9532a4c3a2779"
  name = "github.com/spf13/pflag"
  packages = ["."]
  pruneopts = "NUT"
  revision = "298182f68c66c05229eb03ac171abe6e309ee79a"
  version = "v1.0.3"

[[projects]]
  digest = "1:0331452965d8695c0a5633e0f509012987681a654f388f2ad0c3b2d7f7004b1c"
  name = "github.com/stretchr/testify"
  packages = [
    "assert",
    "require",
  ]
  pruneopts = "NUT"
  revision = "f35b8ab0b5a2cef36673838d662e249dd9c94686"
  version = "v1.2.2"

[[projects]]
  branch = "master"
  digest = "1:37dcdb090f0464399ac9a1fa8d30c47687b22907f9ff590679df299e64cca84c"
  name = "github.com/tsuru/tsuru"
  packages = [
    "provision/kubernetes/pkg/apis/tsuru/v1",
    "provision/kubernetes/pkg/client/clientset/versioned",
    "provision/kubernetes/pkg/client/clientset/versioned/fake",
    "provision/kubernetes/pkg/client/clientset/versioned/scheme",
    "provision/kubernetes/pkg/client/clientset/versioned/typed/tsuru/v1",
    "provision/kubernetes/pkg/client/clientset/versioned/typed/tsuru/v1/fake",
    "types/provision",
    "types/router",
  ]
  pruneopts = "NUT"
  revision = "08b9d26909cee765e8f97442acd3b293c12100a7"

[[projects]]
  digest = "1:bd5bc0421c02ca9d8f458d8333eac864ea8b530a28f523d4d3a4450b7dcef819"
  name = "github.com/urfave/negroni"
  packages = ["."]
  pruneopts = "NUT"
  revision = "fde5e16d32adc7ad637e9cd9ad21d4ebc6192535"
  version = "v0.2.0"

[[projects]]
  digest = "1:22f696cee54865fb8e9ff91df7b633f6b8f22037a8015253c6b6a71ca82219c7"
  name = "go.uber.org/atomic"
  packages = ["."]
  pruneopts = "NUT"
  revision = "1ea20fb1cbb1cc08cbd0d913a96dead89aa18289"
  version = "v1.3.2"

[[projects]]
  digest = "1:58ca93bdf81bac106ded02226b5395a0595d5346cdc4caa8d9c1f3a5f8f9976e"
  name = "go.uber.org/multierr"
  packages = ["."]
  pruneopts = "NUT"
  revision = "3c4937480c32f4c13a875a1829af76c98ca3d40a"
  version = "v1.1.0"

[[projects]]
  digest = "1:cb65d15dcf60c2729636ea04b10d108c8dda94396669badaac88dd2d0f55e9c8"
  name = "go.uber.org/zap"
  packages = [
    ".",
    "buffer",
    "internal/bufferpool",
    "internal/color",
    "internal/exit",
    "zapcore",
    "zapgrpc",
  ]
  pruneopts = "NUT"
  revision = "ff33455a0e382e8a81d14dd7c922020b6b5e7982"
  version = "v1.9.1"

[[projects]]
  branch = "master"
  digest = "1:3f3a05ae0b95893d90b9b3b5afdb79a9b3d96e4e36e099d841ae602e4aca0da8"
  name = "golang.org/x/crypto"
  packages = ["ssh/terminal"]
  pruneopts = "NUT"
  revision = "3d3f9f413869b949e48070b5bc593aa22cc2b8f2"

[[projects]]
  branch = "master"
  digest = "1:266eb66e81e1a56b282bc3b621c5be1600bf139ef2c2fc50f1e86dbcf361d1ec"
  name = "golang.org/x/net"
  packages = [
    "context",
    "context/ctxhttp",
    "http2",
    "http2/hpack",
    "idna",
    "internal/timeseries",
    "lex/httplex",
    "trace",
  ]
  pruneopts = "NUT"
  revision = "66aacef3dd8a676686c7ae3716979581e8b03c47"

[[projects]]
  branch = "master"
  digest = "1:286347e7534393dccf6e9bb8e912730c02f0de71bc93f820906511817b61cf3a"
  name = "golang.org/x/oauth2"
  packages = [
    ".",
    "google",
    "internal",
    "jws",
    "jwt",
  ]
  pruneopts = "NUT"
  revision = "f42d05182288abf10faef86d16c0d07b8d40ea2d"

[[projects]]
  branch = "master"
  digest = "1:15c44ebe33e556cdaf47e52b1e913aa15ce7aab47e565569319e6f89767193ff"
  name = "golang.org/x/sys"
  packages = [
    "unix",
    "windows",
  ]
  pruneopts = "NUT"
  revision = "93218def8b18e66adbdab3eca8ec334700329f1f"

[[projects]]
  branch = "master"
  digest = "1:97337ef8cb438f9e3a99ea91a300e916ed9a96fbf3ad50f9a020d30ea9f8692f"
  name = "golang.org/x/text"
  packages = [
    "internal/gen",
    "internal/triegen",
    "internal/ucd",
    "secure/bidirule",
    "transform",
    "unicode/bidi",
    "unicode/cldr",
    "unicode/norm",
    "unicode/rangetable",
  ]
  pruneopts = "NUT"
  revision = "bd91bbf73e9a4a801adbfb97133c992678533126"

[[projects]]
  branch = "master"
  digest = "1:9fdc2b55e8e0fafe4b41884091e51e77344f7dc511c5acedcfd98200003bff90"
  name = "golang.org/x/time"
  packages = ["rate"]
  pruneopts = "NUT"
  revision = "85acf8d2951cb2a3bde7632f9ff273ef0379bcbd"

[[projects]]
  digest = "1:b63b351b57e64ae8aec1af030dc5e74a2676fcda62102f006ae4411fac1b04c8"
  name = "google.golang.org/appengine"
  packages = [
    ".",
    "internal",
    "internal/app_identity",
    "internal/base",
    "internal/datastore",
    "internal/log",
    "internal/modules",
    "internal/remote_api",
    "internal/urlfetch",
    "urlfetch",
  ]
  pruneopts = "NUT"
  revision = "4a4468ece617fc8205e99368fa2200e9d1fad421"
  version = "v1.3.0"

[[projects]]
  branch = "master"
  digest = "1:56b0bca90b7e5d1facf5fbdacba23e4e0ce069d25381b8e2f70ef1e7ebfb9c1a"
  name = "google.golang.org/genproto"
  packages = ["googleapis/rpc/status"]
  pruneopts = "NUT"
  revision = "b5d43981345bdb2c233eb4bf3277847b48c6fdc6"

[[projects]]
  digest = "1:2f91d3e11b666570f8c923912f1cc8cf2f0c6b7371b2687ee67a8f73f08c6272"
  name = "google.golang.org/grpc"
  packages = [
    ".",
    "balancer",
    "balancer/base",
    "balancer/roundrobin",
    "codes",
    "connectivity",
    "credentials",
    "encoding",
    "encoding/proto",
    "grpclog",
    "internal",
    "internal/backoff",
    "internal/channelz",
    "internal/envconfig",
    "internal/grpcrand",
    "internal/transport",
    "keepalive",
    "metadata",
    "naming",
    "peer",
    "resolver",
    "resolver/dns",
    "resolver/passthrough",
    "stats",
    "status",
    "tap",
  ]
  pruneopts = "NUT"
  revision = "2e463a05d100327ca47ac218281906921038fd95"
  version = "v1.16.0"

[[projects]]
  digest = "1:ef72505cf098abdd34efeea032103377bec06abb61d8a06f002d5d296a4b1185"
  name = "gopkg.in/inf.v0"
  packages = ["."]
  pruneopts = "NUT"
  revision = "3887ee99ecf07df5b447e9b00d9c0b2adaa9f3e4"
  version = "v0.9.0"

[[projects]]
  digest = "1:7c95b35057a0ff2e19f707173cc1a947fa43a6eb5c4d300d196ece0334046082"
  name = "gopkg.in/yaml.v2"
  packages = ["."]
  pruneopts = "NUT"
  revision = "5420a8b6744d3b0345ab293f6fcba19c978f1183"
  version = "v2.2.1"

[[projects]]
  branch = "release-1.0"
  digest = "1:bdc8bc23695c0c21363cfe432e7d271f9b032e2aa73bdc13bf66b442e2c313f6"
  name = "istio.io/api"
  packages = [
    "authentication/v1alpha1",
    "mesh/v1alpha1",
    "mixer/v1",
    "mixer/v1/config/client",
    "networking/v1alpha3",
    "rbac/v1alpha1",
  ]
  pruneopts = "NUT"
  revision = "6bf9d6613f65c2754a3d90ae916e1806e9d74175"

[[projects]]
  digest = "1:f145f272df2b68f601423a944bbe9e425fa1dd8a3238d0aadf56836db6e056e4"
  name = "istio.io/istio"
  packages = [
    "pilot/pkg/config/kube/crd",
    "pilot/pkg/model",
    "pilot/pkg/model/test",
    "pilot/pkg/networking/core/v1alpha3/fakes",
    "pilot/pkg/serviceregistry/kube",
    "pkg/cache",
    "pkg/kube",
    "pkg/log",
  ]
  pruneopts = "NUT"
  revision = "a44d4c8bcb427db16ca4a439adfbd8d9361b8ed3"
  version = "1.0.3"

[[projects]]
  digest = "1:41ef5a61ad194cdfb47dbdac3697743ca11b1d99360e8b12b1a7a44751717588"
  name = "k8s.io/api"
  packages = [
    "admissionregistration/v1alpha1",
    "admissionregistration/v1beta1",
    "apps/v1",
    "apps/v1beta1",
    "apps/v1beta2",
    "authentication/v1",
    "authentication/v1beta1",
    "authorization/v1",
    "authorization/v1beta1",
    "autoscaling/v1",
    "autoscaling/v2beta1",
    "batch/v1",
    "batch/v1beta1",
    "batch/v2alpha1",
    "certificates/v1beta1",
    "core/v1",
    "events/v1beta1",
    "extensions/v1beta1",
    "networking/v1",
    "policy/v1beta1",
    "rbac/v1",
    "rbac/v1alpha1",
    "rbac/v1beta1",
    "scheduling/v1alpha1",
    "settings/v1alpha1",
    "storage/v1",
    "storage/v1alpha1",
    "storage/v1beta1",
  ]
  pruneopts = "NUT"
  revision = "8b7507fac302640dd5f1efbf9643199952cc58db"
  version = "kubernetes-1.10.4"

[[projects]]
  digest = "1:d68afe5072272a7ec60b1b6266e5644547e830cbf689bc5fd4ae2b0b79e6fa71"
  name = "k8s.io/apiextensions-apiserver"
  packages = [
    "pkg/apis/apiextensions",
    "pkg/apis/apiextensions/v1beta1",
    "pkg/client/clientset/clientset",
    "pkg/client/clientset/clientset/fake",
    "pkg/client/clientset/clientset/scheme",
    "pkg/client/clientset/clientset/typed/apiextensions/v1beta1",
    "pkg/client/clientset/clientset/typed/apiextensions/v1beta1/fake",
  ]
  pruneopts = "NUT"
  revision = "8e7f43002fec5394a8d96ebca781aa9d4b37aaef"
  version = "kubernetes-1.10.4"

[[projects]]
  digest = "1:6d938bcd986a567b417fc82ac716b88f5a76da4dcdf6ca3189aa921402d6961c"
  name = "k8s.io/apimachinery"
  packages = [
    "pkg/api/errors",
    "pkg/api/meta",
    "pkg/api/resource",
    "pkg/apis/meta/internalversion",
    "pkg/apis/meta/v1",
    "pkg/apis/meta/v1/unstructured",
    "pkg/apis/meta/v1beta1",
    "pkg/conversion",
    "pkg/conversion/queryparams",
    "pkg/fields",
    "pkg/labels",
    "pkg/runtime",
    "pkg/runtime/schema",
    "pkg/runtime/serializer",
    "pkg/runtime/serializer/json",
    "pkg/runtime/serializer/protobuf",
    "pkg/runtime/serializer/recognizer",
    "pkg/runtime/serializer/streaming",
    "pkg/runtime/serializer/versioning",
    "pkg/selection",
    "pkg/types",
    "pkg/util/cache",
    "pkg/util/clock",
    "pkg/util/diff",
    "pkg/util/errors",
    "pkg/util/framer",
    "pkg/util/intstr",
    "pkg/util/json",
    "pkg/util/net",
    "pkg/util/runtime",
    "pkg/util/sets",
    "pkg/util/validation",
    "pkg/util/validation/field",
    "pkg/util/wait",
    "pkg/util/yaml",
    "pkg/version",
    "pkg/watch",
    "third_party/forked/golang/reflect",
  ]
  pruneopts = "NUT"
  revision = "17529ec7eadb8de8e7dc835201455f53571f655a"
  version = "kubernetes-1.10.4"

[[projects]]
  branch = "release-7.0"
  digest = "1:86de729543c66ff2fe38f497793d8950256e24ca26950925d594a7a91509751f"
  name = "k8s.io/client-go"
  packages = [
    "discovery",
    "discovery/fake",
    "kubernetes",
    "kubernetes/fake",
    "kubernetes/scheme",
    "kubernetes/typed/admissionregistration/v1alpha1",
    "kubernetes/typed/admissionregistration/v1alpha1/fake",
    "kubernetes/typed/admissionregistration/v1beta1",
    "kubernetes/typed/admissionregistration/v1beta1/fake",
    "kubernetes/typed/apps/v1",
    "kubernetes/typed/apps/v1/fake",
    "kubernetes/typed/apps/v1beta1",
    "kubernetes/typed/apps/v1beta1/fake",
    "kubernetes/typed/apps/v1beta2",
    "kubernetes/typed/apps/v1beta2/fake",
    "kubernetes/typed/authentication/v1",
    "kubernetes/typed/authentication/v1/fake",
    "kubernetes/typed/authentication/v1beta1",
    "kubernetes/typed/authentication/v1beta1/fake",
    "kubernetes/typed/authorization/v1",
    "kubernetes/typed/authorization/v1/fake",
    "kubernetes/typed/authorization/v1beta1",
    "kubernetes/typed/authorization/v1beta1/fake",
    "kubernetes/typed/autoscaling/v1",
    "kubernetes/typed/autoscaling/v1/fake",
    "kubernetes/typed/autoscaling/v2beta1",
    "kubernetes/typed/autoscaling/v2beta1/fake",
    "kubernetes/typed/batch/v1",
    "kubernetes/typed/batch/v1/fake",
    "kubernetes/typed/batch/v1beta1",
    "kubernetes/typed/batch/v1beta1/fake",
    "kubernetes/typed/batch/v2alpha1",
    "kubernetes/typed/batch/v2alpha1/fake",
    "kubernetes/typed/certificates/v1beta1",
    "kubernetes/typed/certificates/v1beta1/fake",
    "kubernetes/typed/core/v1",
    "kubernetes/typed/core/v1/fake",
    "kubernetes/typed/events/v1beta1",
    "kubernetes/typed/events/v1beta1/fake",
    "kubernetes/typed/extensions/v1beta1",
    "kubernetes/typed/extensions/v1beta1/fake",
    "kubernetes/typed/networking/v1",
    "kubernetes/typed/networking/v1/fake",
    "kubernetes/typed/policy/v1beta1",
    "kubernetes/typed/policy/v1beta1/fake",
    "kubernetes/typed/rbac/v1",
    "kubernetes/typed/rbac/v1/fake",
    "kubernetes/typed/rbac/v1alpha1",
    "kubernetes/typed/rbac/v1alpha1/fake",
    "kubernetes/typed/rbac/v1beta1",
    "kubernetes/typed/rbac/v1beta1/fake",
    "kubernetes/typed/scheduling/v1alpha1",
    "kubernetes/typed/scheduling/v1alpha1/fake",
    "kubernetes/typed/settings/v1alpha1",
    "kubernetes/typed/settings/v1alpha1/fake",
    "kubernetes/typed/storage/v1",
    "kubernetes/typed/storage/v1/fake",
    "kubernetes/typed/storage/v1alpha1",
    "kubernetes/typed/storage/v1alpha1/fake",
    "kubernetes/typed/storage/v1beta1",
    "kubernetes/typed/storage/v1beta1/fake",
    "pkg/apis/clientauthentication",
    "pkg/apis/clientauthentication/v1alpha1",
    "pkg/version",
    "plugin/pkg/client/auth/exec",
    "plugin/pkg/client/auth/gcp",
    "plugin/pkg/client/auth/oidc",
    "rest",
    "rest/watch",
    "testing",
    "third_party/forked/golang/template",
    "tools/auth",
    "tools/cache",
    "tools/clientcmd",
    "tools/clientcmd/api",
    "tools/clientcmd/api/latest",
    "tools/clientcmd/api/v1",
    "tools/metrics",
    "tools/pager",
    "tools/reference",
    "transport",
    "util/buffer",
    "util/cert",
    "util/flowcontrol",
    "util/homedir",
    "util/integer",
    "util/jsonpath",
    "util/retry",
  ]
  pruneopts = "NUT"
  revision = "745ca830039794f7b927b8a2c2a58dcc1e8a0a72"

[solve-meta]
  analyzer-name = "dep"
  analyzer-version = 1
  input-imports = [
    "github.com/golang/glog",
    "github.com/gorilla/mux",
    "github.com/prometheus/client_golang/prometheus/promhttp",
    "github.com/stretchr/testify/assert",
    "github.com/stretchr/testify/require",
    "github.com/tsuru/tsuru/provision/kubernetes/pkg/apis/tsuru/v1",
    "github.com/tsuru/tsuru/provision/kubernetes/pkg/client/clientset/versioned",
    "github.com/tsuru/tsuru/provision/kubernetes/pkg/client/clientset/versioned/fake",
    "github.com/tsuru/tsuru/types/provision",
    "github.com/urfave/negroni",
    "istio.io/api/networking/v1alpha3",
    "istio.io/istio/pilot/pkg/config/kube/crd",
    "istio.io/istio/pilot/pkg/model",
    "istio.io/istio/pilot/pkg/networking/core/v1alpha3/fakes",
    "k8s.io/api/core/v1",
    "k8s.io/api/extensions/v1beta1",
    "k8s.io/apiextensions-apiserver/pkg/apis/apiextensions/v1beta1",
    "k8s.io/apiextensions-apiserver/pkg/client/clientset/clientset",
    "k8s.io/apiextensions-apiserver/pkg/client/clientset/clientset/fake",
    "k8s.io/apimachinery/pkg/api/errors",
    "k8s.io/apimachinery/pkg/apis/meta/v1",
    "k8s.io/apimachinery/pkg/runtime",
    "k8s.io/apimachinery/pkg/util/intstr",
    "k8s.io/client-go/kubernetes",
    "k8s.io/client-go/kubernetes/fake",
    "k8s.io/client-go/kubernetes/typed/core/v1",
    "k8s.io/client-go/kubernetes/typed/extensions/v1beta1",
    "k8s.io/client-go/rest",
    "k8s.io/client-go/testing",
    "k8s.io/client-go/transport",
  ]
  solver-name = "gps-cdcl"
  solver-version = 1
